// !$*UTF8*$!
{
	archiveVersion = 1;
	classes = {
	};
	objectVersion = 46;
	objects = {

/* Begin PBXBuildFile section */
		070873731A13CBC2005BEE3F /* sample.cpp in Sources */ = {isa = PBXBuildFile; fileRef = 0747DC911A0CF93200D3D60D /* sample.cpp */; };
		070ADAE01A30781800833FA5 /* allele.cpp in Sources */ = {isa = PBXBuildFile; fileRef = 070ADADE1A30781800833FA5 /* allele.cpp */; };
		0747DC741A0CE3C900D3D60D /* main.cpp in Sources */ = {isa = PBXBuildFile; fileRef = 0747DC731A0CE3C900D3D60D /* main.cpp */; };
		0747DC7B1A0CE3ED00D3D60D /* libz.1.2.5.dylib in Frameworks */ = {isa = PBXBuildFile; fileRef = 0747DC7A1A0CE3ED00D3D60D /* libz.1.2.5.dylib */; };
		0747DC811A0CE44E00D3D60D /* stream.cpp in Sources */ = {isa = PBXBuildFile; fileRef = 0747DC7F1A0CE44E00D3D60D /* stream.cpp */; };
		078D471B1A14BFB70035C6C9 /* genmap.cpp in Sources */ = {isa = PBXBuildFile; fileRef = 0747DC881A0CF51500D3D60D /* genmap.cpp */; };
		078D471C1A14C41F0035C6C9 /* source.cpp in Sources */ = {isa = PBXBuildFile; fileRef = 0747DC951A0D45F800D3D60D /* source.cpp */; };
		07E6B4AB1A35D7B200172A93 /* census.cpp in Sources */ = {isa = PBXBuildFile; fileRef = 0747DC8E1A0CF8A600D3D60D /* census.cpp */; };
		07EA59251A1A00910024875A /* timer.cpp in Sources */ = {isa = PBXBuildFile; fileRef = 07EA59231A1A00910024875A /* timer.cpp */; };
		07EA59391A2366CF0024875A /* print.cpp in Sources */ = {isa = PBXBuildFile; fileRef = 07EA59351A2363160024875A /* print.cpp */; };
		07FD277E1A5BF760004A49CC /* command.cpp in Sources */ = {isa = PBXBuildFile; fileRef = 07FD277C1A5BF760004A49CC /* command.cpp */; };
		07FD27811A5C0B61004A49CC /* marker.cpp in Sources */ = {isa = PBXBuildFile; fileRef = 0747DC8B1A0CF63C00D3D60D /* marker.cpp */; };
		07FD27821A5C0B74004A49CC /* input.cpp in Sources */ = {isa = PBXBuildFile; fileRef = 07EA592F1A1F93450024875A /* input.cpp */; };
		07FD27831A5C0B7C004A49CC /* shared.cpp in Sources */ = {isa = PBXBuildFile; fileRef = 07CC0A451A126C9300141423 /* shared.cpp */; };
		07FD27841A5C0DD7004A49CC /* ship in CopyFiles */ = {isa = PBXBuildFile; fileRef = 0747DC701A0CE3C900D3D60D /* ship */; };
/* End PBXBuildFile section */

/* Begin PBXCopyFilesBuildPhase section */
		0747DC6E1A0CE3C900D3D60D /* CopyFiles */ = {
			isa = PBXCopyFilesBuildPhase;
			buildActionMask = 12;
			dstPath = "/Users/pkalbers/Research/Shared-Haplotypes/Test";
			dstSubfolderSpec = 0;
			files = (
				07FD27841A5C0DD7004A49CC /* ship in CopyFiles */,
			);
			runOnlyForDeploymentPostprocessing = 0;
		};
/* End PBXCopyFilesBuildPhase section */

/* Begin PBXFileReference section */
		070ADADE1A30781800833FA5 /* allele.cpp */ = {isa = PBXFileReference; fileEncoding = 4; lastKnownFileType = sourcecode.cpp.cpp; path = allele.cpp; sourceTree = "<group>"; };
		070ADADF1A30781800833FA5 /* allele.h */ = {isa = PBXFileReference; fileEncoding = 4; lastKnownFileType = sourcecode.c.h; path = allele.h; sourceTree = "<group>"; };
		0747DC701A0CE3C900D3D60D /* ship */ = {isa = PBXFileReference; explicitFileType = "compiled.mach-o.executable"; includeInIndex = 0; path = ship; sourceTree = BUILT_PRODUCTS_DIR; };
		0747DC731A0CE3C900D3D60D /* main.cpp */ = {isa = PBXFileReference; lastKnownFileType = sourcecode.cpp.cpp; path = main.cpp; sourceTree = "<group>"; };
		0747DC7A1A0CE3ED00D3D60D /* libz.1.2.5.dylib */ = {isa = PBXFileReference; lastKnownFileType = "compiled.mach-o.dylib"; name = libz.1.2.5.dylib; path = usr/lib/libz.1.2.5.dylib; sourceTree = SDKROOT; };
		0747DC7C1A0CE41900D3D60D /* _types.cpp */ = {isa = PBXFileReference; fileEncoding = 4; lastKnownFileType = sourcecode.cpp.cpp; path = _types.cpp; sourceTree = "<group>"; };
		0747DC7F1A0CE44E00D3D60D /* stream.cpp */ = {isa = PBXFileReference; fileEncoding = 4; lastKnownFileType = sourcecode.cpp.cpp; path = stream.cpp; sourceTree = "<group>"; };
		0747DC801A0CE44E00D3D60D /* stream.h */ = {isa = PBXFileReference; fileEncoding = 4; lastKnownFileType = sourcecode.c.h; path = stream.h; sourceTree = "<group>"; };
		0747DC821A0CE46700D3D60D /* inputs.cpp */ = {isa = PBXFileReference; fileEncoding = 4; lastKnownFileType = sourcecode.cpp.cpp; path = inputs.cpp; sourceTree = "<group>"; };
		0747DC831A0CE46700D3D60D /* inputs.h */ = {isa = PBXFileReference; fileEncoding = 4; lastKnownFileType = sourcecode.c.h; path = inputs.h; sourceTree = "<group>"; };
		0747DC881A0CF51500D3D60D /* genmap.cpp */ = {isa = PBXFileReference; fileEncoding = 4; lastKnownFileType = sourcecode.cpp.cpp; path = genmap.cpp; sourceTree = "<group>"; };
		0747DC891A0CF51500D3D60D /* genmap.h */ = {isa = PBXFileReference; fileEncoding = 4; lastKnownFileType = sourcecode.c.h; path = genmap.h; sourceTree = "<group>"; };
		0747DC8B1A0CF63C00D3D60D /* marker.cpp */ = {isa = PBXFileReference; fileEncoding = 4; lastKnownFileType = sourcecode.cpp.cpp; path = marker.cpp; sourceTree = "<group>"; };
		0747DC8C1A0CF63C00D3D60D /* marker.h */ = {isa = PBXFileReference; fileEncoding = 4; lastKnownFileType = sourcecode.c.h; path = marker.h; sourceTree = "<group>"; };
		0747DC8E1A0CF8A600D3D60D /* census.cpp */ = {isa = PBXFileReference; fileEncoding = 4; lastKnownFileType = sourcecode.cpp.cpp; path = census.cpp; sourceTree = "<group>"; };
		0747DC8F1A0CF8A600D3D60D /* census.h */ = {isa = PBXFileReference; fileEncoding = 4; lastKnownFileType = sourcecode.c.h; path = census.h; sourceTree = "<group>"; };
		0747DC911A0CF93200D3D60D /* sample.cpp */ = {isa = PBXFileReference; fileEncoding = 4; lastKnownFileType = sourcecode.cpp.cpp; path = sample.cpp; sourceTree = "<group>"; };
		0747DC921A0CF93200D3D60D /* sample.h */ = {isa = PBXFileReference; fileEncoding = 4; lastKnownFileType = sourcecode.c.h; path = sample.h; sourceTree = "<group>"; };
		0747DC951A0D45F800D3D60D /* source.cpp */ = {isa = PBXFileReference; fileEncoding = 4; lastKnownFileType = sourcecode.cpp.cpp; path = source.cpp; sourceTree = "<group>"; };
		0747DC961A0D45F800D3D60D /* source.h */ = {isa = PBXFileReference; fileEncoding = 4; lastKnownFileType = sourcecode.c.h; path = source.h; sourceTree = "<group>"; };
		07CC0A451A126C9300141423 /* shared.cpp */ = {isa = PBXFileReference; fileEncoding = 4; lastKnownFileType = sourcecode.cpp.cpp; path = shared.cpp; sourceTree = "<group>"; };
		07CC0A461A126C9300141423 /* shared.h */ = {isa = PBXFileReference; fileEncoding = 4; lastKnownFileType = sourcecode.c.h; path = shared.h; sourceTree = "<group>"; };
		07EA59231A1A00910024875A /* timer.cpp */ = {isa = PBXFileReference; fileEncoding = 4; lastKnownFileType = sourcecode.cpp.cpp; path = timer.cpp; sourceTree = "<group>"; };
		07EA59241A1A00910024875A /* timer.h */ = {isa = PBXFileReference; fileEncoding = 4; lastKnownFileType = sourcecode.c.h; path = timer.h; sourceTree = "<group>"; };
		07EA59271A1B6C340024875A /* loader.cpp */ = {isa = PBXFileReference; fileEncoding = 4; lastKnownFileType = sourcecode.cpp.cpp; path = loader.cpp; sourceTree = "<group>"; };
		07EA59281A1B6C340024875A /* loader.h */ = {isa = PBXFileReference; fileEncoding = 4; lastKnownFileType = sourcecode.c.h; path = loader.h; sourceTree = "<group>"; };
		07EA592D1A1CDCA90024875A /* print_.h */ = {isa = PBXFileReference; lastKnownFileType = sourcecode.c.h; path = print_.h; sourceTree = "<group>"; };
		07EA592E1A1F55950024875A /* parse.h */ = {isa = PBXFileReference; lastKnownFileType = sourcecode.c.h; path = parse.h; sourceTree = "<group>"; };
		07EA592F1A1F93450024875A /* input.cpp */ = {isa = PBXFileReference; fileEncoding = 4; lastKnownFileType = sourcecode.cpp.cpp; path = input.cpp; sourceTree = "<group>"; };
		07EA59301A1F93450024875A /* input.h */ = {isa = PBXFileReference; fileEncoding = 4; lastKnownFileType = sourcecode.c.h; path = input.h; sourceTree = "<group>"; };
		07EA59351A2363160024875A /* print.cpp */ = {isa = PBXFileReference; fileEncoding = 4; lastKnownFileType = sourcecode.cpp.cpp; path = print.cpp; sourceTree = "<group>"; };
		07EA59361A2363160024875A /* print.h */ = {isa = PBXFileReference; fileEncoding = 4; lastKnownFileType = sourcecode.c.h; path = print.h; sourceTree = "<group>"; };
		07FD277C1A5BF760004A49CC /* command.cpp */ = {isa = PBXFileReference; fileEncoding = 4; lastKnownFileType = sourcecode.cpp.cpp; path = command.cpp; sourceTree = "<group>"; };
		07FD277D1A5BF760004A49CC /* command.h */ = {isa = PBXFileReference; fileEncoding = 4; lastKnownFileType = sourcecode.c.h; path = command.h; sourceTree = "<group>"; };
		07FD277F1A5BF961004A49CC /* parse.hpp */ = {isa = PBXFileReference; fileEncoding = 4; lastKnownFileType = sourcecode.cpp.h; name = parse.hpp; path = ../parse.hpp; sourceTree = "<group>"; };
		07FD27801A5C0B26004A49CC /* types.hpp */ = {isa = PBXFileReference; lastKnownFileType = sourcecode.cpp.h; path = types.hpp; sourceTree = "<group>"; };
/* End PBXFileReference section */

/* Begin PBXFrameworksBuildPhase section */
		0747DC6D1A0CE3C900D3D60D /* Frameworks */ = {
			isa = PBXFrameworksBuildPhase;
			buildActionMask = 2147483647;
			files = (
				0747DC7B1A0CE3ED00D3D60D /* libz.1.2.5.dylib in Frameworks */,
			);
			runOnlyForDeploymentPostprocessing = 0;
		};
/* End PBXFrameworksBuildPhase section */

/* Begin PBXGroup section */
		0747DC671A0CE3C900D3D60D = {
			isa = PBXGroup;
			children = (
				07FD27801A5C0B26004A49CC /* types.hpp */,
				0747DC7A1A0CE3ED00D3D60D /* libz.1.2.5.dylib */,
				0747DC721A0CE3C900D3D60D /* ship */,
				0747DC711A0CE3C900D3D60D /* Products */,
			);
			sourceTree = "<group>";
		};
		0747DC711A0CE3C900D3D60D /* Products */ = {
			isa = PBXGroup;
			children = (
				0747DC701A0CE3C900D3D60D /* ship */,
			);
			name = Products;
			sourceTree = "<group>";
		};
		0747DC721A0CE3C900D3D60D /* ship */ = {
			isa = PBXGroup;
			children = (
				0747DC731A0CE3C900D3D60D /* main.cpp */,
				07FD277C1A5BF760004A49CC /* command.cpp */,
				07FD277D1A5BF760004A49CC /* command.h */,
				07EA59231A1A00910024875A /* timer.cpp */,
				07EA59241A1A00910024875A /* timer.h */,
				0747DC8E1A0CF8A600D3D60D /* census.cpp */,
				0747DC8F1A0CF8A600D3D60D /* census.h */,
				070ADADE1A30781800833FA5 /* allele.cpp */,
				070ADADF1A30781800833FA5 /* allele.h */,
				0747DC8B1A0CF63C00D3D60D /* marker.cpp */,
				0747DC8C1A0CF63C00D3D60D /* marker.h */,
				0747DC911A0CF93200D3D60D /* sample.cpp */,
				0747DC921A0CF93200D3D60D /* sample.h */,
				0747DC881A0CF51500D3D60D /* genmap.cpp */,
				0747DC891A0CF51500D3D60D /* genmap.h */,
				0747DC951A0D45F800D3D60D /* source.cpp */,
				0747DC961A0D45F800D3D60D /* source.h */,
				0747DC7F1A0CE44E00D3D60D /* stream.cpp */,
				0747DC801A0CE44E00D3D60D /* stream.h */,
				07EA592F1A1F93450024875A /* input.cpp */,
				07EA59301A1F93450024875A /* input.h */,
				07FD277F1A5BF961004A49CC /* parse.hpp */,
				07CC0A451A126C9300141423 /* shared.cpp */,
				07CC0A461A126C9300141423 /* shared.h */,
				07EA59321A1F93890024875A /* Discarded */,
			);
			path = ship;
			sourceTree = "<group>";
		};
		07EA59321A1F93890024875A /* Discarded */ = {
			isa = PBXGroup;
			children = (
				07EA592E1A1F55950024875A /* parse.h */,
				0747DC7C1A0CE41900D3D60D /* _types.cpp */,
				07EA59351A2363160024875A /* print.cpp */,
				07EA59361A2363160024875A /* print.h */,
				07EA592D1A1CDCA90024875A /* print_.h */,
				0747DC821A0CE46700D3D60D /* inputs.cpp */,
				0747DC831A0CE46700D3D60D /* inputs.h */,
				07EA59271A1B6C340024875A /* loader.cpp */,
				07EA59281A1B6C340024875A /* loader.h */,
			);
			name = Discarded;
			sourceTree = "<group>";
		};
/* End PBXGroup section */

/* Begin PBXNativeTarget section */
		0747DC6F1A0CE3C900D3D60D /* ship */ = {
			isa = PBXNativeTarget;
			buildConfigurationList = 0747DC771A0CE3C900D3D60D /* Build configuration list for PBXNativeTarget "ship" */;
			buildPhases = (
				0747DC6C1A0CE3C900D3D60D /* Sources */,
				0747DC6D1A0CE3C900D3D60D /* Frameworks */,
				0747DC6E1A0CE3C900D3D60D /* CopyFiles */,
			);
			buildRules = (
			);
			dependencies = (
			);
			name = ship;
			productName = ship;
			productReference = 0747DC701A0CE3C900D3D60D /* ship */;
			productType = "com.apple.product-type.tool";
		};
/* End PBXNativeTarget section */

/* Begin PBXProject section */
		0747DC681A0CE3C900D3D60D /* Project object */ = {
			isa = PBXProject;
			attributes = {
				LastUpgradeCheck = 0610;
				ORGANIZATIONNAME = "Patrick K. Albers";
				TargetAttributes = {
					0747DC6F1A0CE3C900D3D60D = {
						CreatedOnToolsVersion = 6.1;
					};
				};
			};
			buildConfigurationList = 0747DC6B1A0CE3C900D3D60D /* Build configuration list for PBXProject "ship" */;
			compatibilityVersion = "Xcode 3.2";
			developmentRegion = English;
			hasScannedForEncodings = 0;
			knownRegions = (
				en,
			);
			mainGroup = 0747DC671A0CE3C900D3D60D;
			productRefGroup = 0747DC711A0CE3C900D3D60D /* Products */;
			projectDirPath = "";
			projectRoot = "";
			targets = (
				0747DC6F1A0CE3C900D3D60D /* ship */,
			);
		};
/* End PBXProject section */

/* Begin PBXSourcesBuildPhase section */
		0747DC6C1A0CE3C900D3D60D /* Sources */ = {
			isa = PBXSourcesBuildPhase;
			buildActionMask = 2147483647;
			files = (
				0747DC741A0CE3C900D3D60D /* main.cpp in Sources */,
				07E6B4AB1A35D7B200172A93 /* census.cpp in Sources */,
				07FD27821A5C0B74004A49CC /* input.cpp in Sources */,
				0747DC811A0CE44E00D3D60D /* stream.cpp in Sources */,
				07FD277E1A5BF760004A49CC /* command.cpp in Sources */,
				07EA59251A1A00910024875A /* timer.cpp in Sources */,
				070ADAE01A30781800833FA5 /* allele.cpp in Sources */,
				07FD27831A5C0B7C004A49CC /* shared.cpp in Sources */,
				078D471B1A14BFB70035C6C9 /* genmap.cpp in Sources */,
				078D471C1A14C41F0035C6C9 /* source.cpp in Sources */,
				07FD27811A5C0B61004A49CC /* marker.cpp in Sources */,
				070873731A13CBC2005BEE3F /* sample.cpp in Sources */,
				07EA59391A2366CF0024875A /* print.cpp in Sources */,
			);
			runOnlyForDeploymentPostprocessing = 0;
		};
/* End PBXSourcesBuildPhase section */

/* Begin XCBuildConfiguration section */
		0747DC751A0CE3C900D3D60D /* Debug */ = {
			isa = XCBuildConfiguration;
			buildSettings = {
				ALWAYS_SEARCH_USER_PATHS = NO;
				CLANG_CXX_LANGUAGE_STANDARD = "gnu++0x";
				CLANG_CXX_LIBRARY = "libc++";
				CLANG_ENABLE_MODULES = YES;
				CLANG_ENABLE_OBJC_ARC = YES;
				CLANG_WARN_BOOL_CONVERSION = YES;
				CLANG_WARN_CONSTANT_CONVERSION = YES;
				CLANG_WARN_DIRECT_OBJC_ISA_USAGE = YES_ERROR;
				CLANG_WARN_EMPTY_BODY = YES;
				CLANG_WARN_ENUM_CONVERSION = YES;
				CLANG_WARN_INT_CONVERSION = YES;
				CLANG_WARN_OBJC_ROOT_CLASS = YES_ERROR;
				CLANG_WARN_UNREACHABLE_CODE = YES;
				CLANG_WARN__DUPLICATE_METHOD_MATCH = YES;
				COPY_PHASE_STRIP = NO;
				ENABLE_STRICT_OBJC_MSGSEND = YES;
				GCC_C_LANGUAGE_STANDARD = gnu99;
				GCC_DYNAMIC_NO_PIC = NO;
				GCC_OPTIMIZATION_LEVEL = 0;
				GCC_PREPROCESSOR_DEFINITIONS = (
					"DEBUG=1",
					"$(inherited)",
				);
				GCC_SYMBOLS_PRIVATE_EXTERN = NO;
				GCC_WARN_64_TO_32_BIT_CONVERSION = YES;
				GCC_WARN_ABOUT_RETURN_TYPE = YES_ERROR;
				GCC_WARN_UNDECLARED_SELECTOR = YES;
				GCC_WARN_UNINITIALIZED_AUTOS = YES_AGGRESSIVE;
				GCC_WARN_UNUSED_FUNCTION = YES;
				GCC_WARN_UNUSED_VARIABLE = YES;
				MACOSX_DEPLOYMENT_TARGET = 10.10;
				MTL_ENABLE_DEBUG_INFO = YES;
				ONLY_ACTIVE_ARCH = YES;
				SDKROOT = macosx;
			};
			name = Debug;
		};
		0747DC761A0CE3C900D3D60D /* Release */ = {
			isa = XCBuildConfiguration;
			buildSettings = {
				ALWAYS_SEARCH_USER_PATHS = NO;
				CLANG_CXX_LANGUAGE_STANDARD = "gnu++0x";
				CLANG_CXX_LIBRARY = "libc++";
				CLANG_ENABLE_MODULES = YES;
				CLANG_ENABLE_OBJC_ARC = YES;
				CLANG_WARN_BOOL_CONVERSION = YES;
				CLANG_WARN_CONSTANT_CONVERSION = YES;
				CLANG_WARN_DIRECT_OBJC_ISA_USAGE = YES_ERROR;
				CLANG_WARN_EMPTY_BODY = YES;
				CLANG_WARN_ENUM_CONVERSION = YES;
				CLANG_WARN_INT_CONVERSION = YES;
				CLANG_WARN_OBJC_ROOT_CLASS = YES_ERROR;
				CLANG_WARN_UNREACHABLE_CODE = YES;
				CLANG_WARN__DUPLICATE_METHOD_MATCH = YES;
				COPY_PHASE_STRIP = YES;
				DEBUG_INFORMATION_FORMAT = "dwarf-with-dsym";
				ENABLE_NS_ASSERTIONS = NO;
				ENABLE_STRICT_OBJC_MSGSEND = YES;
				GCC_C_LANGUAGE_STANDARD = gnu99;
				GCC_WARN_64_TO_32_BIT_CONVERSION = YES;
				GCC_WARN_ABOUT_RETURN_TYPE = YES_ERROR;
				GCC_WARN_UNDECLARED_SELECTOR = YES;
				GCC_WARN_UNINITIALIZED_AUTOS = YES_AGGRESSIVE;
				GCC_WARN_UNUSED_FUNCTION = YES;
				GCC_WARN_UNUSED_VARIABLE = YES;
				MACOSX_DEPLOYMENT_TARGET = 10.10;
				MTL_ENABLE_DEBUG_INFO = NO;
				SDKROOT = macosx;
			};
			name = Release;
		};
		0747DC781A0CE3C900D3D60D /* Debug */ = {
			isa = XCBuildConfiguration;
			buildSettings = {
				PRODUCT_NAME = "$(TARGET_NAME)";
			};
			name = Debug;
		};
		0747DC791A0CE3C900D3D60D /* Release */ = {
			isa = XCBuildConfiguration;
			buildSettings = {
				PRODUCT_NAME = "$(TARGET_NAME)";
			};
			name = Release;
		};
/* End XCBuildConfiguration section */

/* Begin XCConfigurationList section */
		0747DC6B1A0CE3C900D3D60D /* Build configuration list for PBXProject "ship" */ = {
			isa = XCConfigurationList;
			buildConfigurations = (
				0747DC751A0CE3C900D3D60D /* Debug */,
				0747DC761A0CE3C900D3D60D /* Release */,
			);
			defaultConfigurationIsVisible = 0;
			defaultConfigurationName = Release;
		};
		0747DC771A0CE3C900D3D60D /* Build configuration list for PBXNativeTarget "ship" */ = {
			isa = XCConfigurationList;
			buildConfigurations = (
				0747DC781A0CE3C900D3D60D /* Debug */,
				0747DC791A0CE3C900D3D60D /* Release */,
			);
			defaultConfigurationIsVisible = 0;
			defaultConfigurationName = Release;
		};
/* End XCConfigurationList section */
	};
	rootObject = 0747DC681A0CE3C900D3D60D /* Project object */;
}
